
Microsoft Visual Studio Solution File, Format Version 12.00
# Visual Studio 14
VisualStudioVersion = 14.0.24720.0
MinimumVisualStudioVersion = 10.0.40219.1
Project("{FAE04EC0-301F-11D3-BF4B-00C04F79EFBC}") = "HelloWorldTypeScript", "HelloWorldTypeScript\HelloWorldTypeScript.csproj", "{46ABF921-C597-4BF4-91BB-9A6EC9F39632}"
EndProject
Project("{8BB2217D-0F2D-49D1-97BC-3654ED321F3B}") = "Web", "Web\Web.xproj", "{A0BD019A-69CF-42D4-9EA4-8CDFCBC74C07}"
EndProject
Project("{FAE04EC0-301F-11D3-BF4B-00C04F79EFBC}") = "Algorithms", "Algorithms\Algorithms.csproj", "{9EC78052-3EE9-4D6D-B4E0-E0C019A49E29}"
EndProject
Project("{FAE04EC0-301F-11D3-BF4B-00C04F79EFBC}") = "PerfSurf", "PerfSurf\PerfSurf.csproj", "{82B7A010-16A0-481E-94A8-76862B129F70}"
EndProject
Project("{FAE04EC0-301F-11D3-BF4B-00C04F79EFBC}") = "SignalRChat", "SignalRChat\SignalRChat.csproj", "{88BAFF9B-39AF-4FB0-982E-5E073A595623}"
EndProject
Global
	GlobalSection(SolutionConfigurationPlatforms) = preSolution
		Debug|Any CPU = Debug|Any CPU
		Release|Any CPU = Release|Any CPU
	EndGlobalSection
	GlobalSection(ProjectConfigurationPlatforms) = postSolution
		{46ABF921-C597-4BF4-91BB-9A6EC9F39632}.Debug|Any CPU.ActiveCfg = Debug|Any CPU
		{46ABF921-C597-4BF4-91BB-9A6EC9F39632}.Debug|Any CPU.Build.0 = Debug|Any CPU
		{46ABF921-C597-4BF4-91BB-9A6EC9F39632}.Release|Any CPU.ActiveCfg = Release|Any CPU
		{46ABF921-C597-4BF4-91BB-9A6EC9F39632}.Release|Any CPU.Build.0 = Release|Any CPU
		{A0BD019A-69CF-42D4-9EA4-8CDFCBC74C07}.Debug|Any CPU.ActiveCfg = Debug|Any CPU
		{A0BD019A-69CF-42D4-9EA4-8CDFCBC74C07}.Debug|Any CPU.Build.0 = Debug|Any CPU
		{A0BD019A-69CF-42D4-9EA4-8CDFCBC74C07}.Release|Any CPU.ActiveCfg = Release|Any CPU
		{A0BD019A-69CF-42D4-9EA4-8CDFCBC74C07}.Release|Any CPU.Build.0 = Release|Any CPU
		{9EC78052-3EE9-4D6D-B4E0-E0C019A49E29}.Debug|Any CPU.ActiveCfg = Debug|Any CPU
		{9EC78052-3EE9-4D6D-B4E0-E0C019A49E29}.Debug|Any CPU.Build.0 = Debug|Any CPU
		{9EC78052-3EE9-4D6D-B4E0-E0C019A49E29}.Release|Any CPU.ActiveCfg = Release|Any CPU
		{9EC78052-3EE9-4D6D-B4E0-E0C019A49E29}.Release|Any CPU.Build.0 = Release|Any CPU
		{82B7A010-16A0-481E-94A8-76862B129F70}.Debug|Any CPU.ActiveCfg = Debug|Any CPU
		{82B7A010-16A0-481E-94A8-76862B129F70}.Debug|Any CPU.Build.0 = Debug|Any CPU
		{82B7A010-16A0-481E-94A8-76862B129F70}.Release|Any CPU.ActiveCfg = Release|Any CPU
		{82B7A010-16A0-481E-94A8-76862B129F70}.Release|Any CPU.Build.0 = Release|Any CPU
		{88BAFF9B-39AF-4FB0-982E-5E073A595623}.Debug|Any CPU.ActiveCfg = Debug|Any CPU
		{88BAFF9B-39AF-4FB0-982E-5E073A595623}.Debug|Any CPU.Build.0 = Debug|Any CPU
		{88BAFF9B-39AF-4FB0-982E-5E073A595623}.Release|Any CPU.ActiveCfg = Release|Any CPU
		{88BAFF9B-39AF-4FB0-982E-5E073A595623}.Release|Any CPU.Build.0 = Release|Any CPU
	EndGlobalSection
	GlobalSection(SolutionProperties) = preSolution
		HideSolutionNode = FALSE
	EndGlobalSection
EndGlobal
